PODS:
  - ATOM-Standalone (3.3.0)
  - HyBid (3.1.1):
    - HyBid/ATOM (= 3.1.1)
    - HyBid/Banner (= 3.1.1)
    - HyBid/Core (= 3.1.1)
    - HyBid/FullScreen (= 3.1.1)
    - HyBid/Native (= 3.1.1)
    - HyBid/RewardedVideo (= 3.1.1)
  - HyBid/ATOM (3.1.1):
    - ATOM-Standalone (~> 3.3.0)
    - HyBid/Core
  - HyBid/Banner (3.1.1):
    - HyBid/Core
  - HyBid/Core (3.1.1)
  - HyBid/FullScreen (3.1.1):
    - HyBid/Core
  - HyBid/Native (3.1.1):
    - HyBid/Core
  - HyBid/RewardedVideo (3.1.1):
    - HyBid/Core
  - ironSource-HyBid-Adapters (3.1.1.0):
    - HyBid (= 3.1.1)
    - IronSourceSDK (~> 8.0)
  - IronSourceSDK (8.4.0.0)

DEPENDENCIES:
  - ironSource-HyBid-Adapters (= 3.1.1.0)

SPEC REPOS:
  trunk:
    - ATOM-Standalone
    - HyBid
    - ironSource-HyBid-Adapters
    - IronSourceSDK

SPEC CHECKSUMS:
  ATOM-Standalone: e2f8efa4fc237d001cdc91a7c217124c20455ee7
  HyBid: 85eb7cc73f6168516087496c083c7d6904e4fd2a
  ironSource-HyBid-Adapters: cb25378a9f2659074618cb734a5e142f0c343459
  IronSourceSDK: 557a0edad39c2a48a225af07b491c672ca5acd36

PODFILE CHECKSUM: babdc5db37876698f86b4d9044524970aab7f670

COCOAPODS: 1.15.2
