PODS:
  - HyBid (2.21.2):
    - HyBid/Banner (= 2.21.2)
    - HyBid/Core (= 2.21.2)
    - HyBid/FullScreen (= 2.21.2)
    - HyBid/Native (= 2.21.2)
    - HyBid/RewardedVideo (= 2.21.2)
  - HyBid/Banner (2.21.2):
    - HyBid/Core
  - HyBid/Core (2.21.2)
  - HyBid/FullScreen (2.21.2):
    - HyBid/Core
  - HyBid/Native (2.21.2):
    - HyBid/Core
  - HyBid/RewardedVideo (2.21.2):
    - HyBid/Core
  - ironSource-HyBid-Adapters (2.21.2.0):
    - HyBid (= 2.21.2)
    - IronSourceSDK (~> 7.5)
  - IronSourceSDK (7.9.1.0)

DEPENDENCIES:
  - ironSource-HyBid-Adapters (= 2.21.2.0)

SPEC REPOS:
  trunk:
    - HyBid
    - ironSource-HyBid-Adapters
    - IronSourceSDK

SPEC CHECKSUMS:
  HyBid: 86243a6ec5604b078067d00c306578c3ffc867ee
  ironSource-HyBid-Adapters: 22fe3d9f7475df0974ac72e85992662f3f1d060d
  IronSourceSDK: 4c3c24265e83ca1e4e8fdc5a499d9a5772b5040c

PODFILE CHECKSUM: 07ab57ae3643b46600ba14c24a4313ab6fb1ea8f

COCOAPODS: 1.15.2
