PODS:
  - ATOM-Standalone (3.5.0-beta.1)
  - HyBid (3.2.0-beta7):
    - HyBid/ATOM (= 3.2.0-beta7)
    - HyBid/Banner (= 3.2.0-beta7)
    - HyBid/Core (= 3.2.0-beta7)
    - HyBid/FullScreen (= 3.2.0-beta7)
    - HyBid/Native (= 3.2.0-beta7)
    - HyBid/RewardedVideo (= 3.2.0-beta7)
  - HyBid/ATOM (3.2.0-beta7):
    - ATOM-Standalone (~> 3.5.0-beta.1)
    - HyBid/Core
  - HyBid/Banner (3.2.0-beta7):
    - HyBid/Core
  - HyBid/Core (3.2.0-beta7)
  - HyBid/FullScreen (3.2.0-beta7):
    - HyBid/Core
  - HyBid/Native (3.2.0-beta7):
    - HyBid/Core
  - HyBid/RewardedVideo (3.2.0-beta7):
    - HyBid/Core
  - ironSource-HyBid-Adapters (3.2.0-beta7.0):
    - HyBid (= 3.2.0-beta7)
    - IronSourceSDK (~> 7.5)
  - IronSourceSDK (7.9.1.0)

DEPENDENCIES:
  - ironSource-HyBid-Adapters (= 3.2.0-beta7.0)

SPEC REPOS:
  trunk:
    - ATOM-Standalone
    - HyBid
    - ironSource-HyBid-Adapters
    - IronSourceSDK

SPEC CHECKSUMS:
  ATOM-Standalone: f28e76712324a9d695dc0705fbd180707a0ffb69
  HyBid: 0a786d27fc4b2f0ceaca12873dd11cb24db70321
  ironSource-HyBid-Adapters: 9207cf7fc4c9d52b4d96d0d9e3260a00fead7765
  IronSourceSDK: 4c3c24265e83ca1e4e8fdc5a499d9a5772b5040c

PODFILE CHECKSUM: 5455b678d445ec2bdae53fe70bbf8d49f8efd82a

COCOAPODS: 1.16.1
