PODS:
  - HyBid (2.19.0):
    - HyBid/Banner (= 2.19.0)
    - HyBid/Core (= 2.19.0)
    - HyBid/FullScreen (= 2.19.0)
    - HyBid/Native (= 2.19.0)
    - HyBid/RewardedVideo (= 2.19.0)
  - HyBid/Banner (2.19.0):
    - HyBid/Core
  - HyBid/Core (2.19.0)
  - HyBid/FullScreen (2.19.0):
    - HyBid/Core
  - HyBid/Native (2.19.0):
    - HyBid/Core
  - HyBid/RewardedVideo (2.19.0):
    - HyBid/Core
  - ironSource-HyBid-Adapters (2.19.0.0):
    - HyBid (= 2.19.0)
    - IronSourceSDK (= 7.3.0.0)
  - IronSourceSDK (7.3.0.0)

DEPENDENCIES:
  - ironSource-HyBid-Adapters (= 2.19.0.0)

SPEC REPOS:
  trunk:
    - HyBid
    - ironSource-HyBid-Adapters
    - IronSourceSDK

SPEC CHECKSUMS:
  HyBid: 3863d3b20f480153029994da69b9591bf4693aa2
  ironSource-HyBid-Adapters: be597b6c08e77d2a7e44b78ee43fc4aaded1937b
  IronSourceSDK: 70d098472ea63fa8d58e47ad79ad761ad256ce15

PODFILE CHECKSUM: d42f924ec2a3bebbc99654bed7d6a7de72dc2bf6

COCOAPODS: 1.12.1
