PODS:
  - HyBid (2.20.0-beta3):
    - HyBid/Banner (= 2.20.0-beta3)
    - HyBid/Core (= 2.20.0-beta3)
    - HyBid/FullScreen (= 2.20.0-beta3)
    - HyBid/Native (= 2.20.0-beta3)
    - HyBid/RewardedVideo (= 2.20.0-beta3)
  - HyBid/Banner (2.20.0-beta3):
    - HyBid/Core
  - HyBid/Core (2.20.0-beta3)
  - HyBid/FullScreen (2.20.0-beta3):
    - HyBid/Core
  - HyBid/Native (2.20.0-beta3):
    - HyBid/Core
  - HyBid/RewardedVideo (2.20.0-beta3):
    - HyBid/Core
  - ironSource-HyBid-Adapters (2.20.0-beta3.0):
    - HyBid (= 2.20.0-beta3)
    - IronSourceSDK (= 7.3.0.0)
  - IronSourceSDK (7.3.0.0)

DEPENDENCIES:
  - ironSource-HyBid-Adapters (= 2.20.0-beta3.0)

SPEC REPOS:
  trunk:
    - HyBid
    - ironSource-HyBid-Adapters
    - IronSourceSDK

SPEC CHECKSUMS:
  HyBid: 8040e5d124c8179696d4be97921e87b814f82c4a
  ironSource-HyBid-Adapters: 5db09e0fbbae53b5668692facbfc64b489e63c9a
  IronSourceSDK: 70d098472ea63fa8d58e47ad79ad761ad256ce15

PODFILE CHECKSUM: 479892cfdfaae4db46ddf10769164033435f3bcf

COCOAPODS: 1.12.1
